
Microsoft Visual Studio Solution File, Format Version 12.00
# Visual Studio Version 16
VisualStudioVersion = 16.0.28803.352
MinimumVisualStudioVersion = 10.0.40219.1
Project("{FAE04EC0-301F-11D3-BF4B-00C04F79EFBC}") = "Junio21", "Junio21\Junio21.csproj", "{44D3AD16-A575-4F9A-AC55-D0168860358A}"
EndProject
Global
	GlobalSection(SolutionConfigurationPlatforms) = preSolution
		Debug|Any CPU = Debug|Any CPU
		Release|Any CPU = Release|Any CPU
	EndGlobalSection
	GlobalSection(ProjectConfigurationPlatforms) = postSolution
		{44D3AD16-A575-4F9A-AC55-D0168860358A}.Debug|Any CPU.ActiveCfg = Debug|Any CPU
		{44D3AD16-A575-4F9A-AC55-D0168860358A}.Debug|Any CPU.Build.0 = Debug|Any CPU
		{44D3AD16-A575-4F9A-AC55-D0168860358A}.Release|Any CPU.ActiveCfg = Release|Any CPU
		{44D3AD16-A575-4F9A-AC55-D0168860358A}.Release|Any CPU.Build.0 = Release|Any CPU
	EndGlobalSection
	GlobalSection(SolutionProperties) = preSolution
		HideSolutionNode = FALSE
	EndGlobalSection
	GlobalSection(ExtensibilityGlobals) = postSolution
		SolutionGuid = {15185BAE-CD8D-42EE-952B-FB039216B3C7}
	EndGlobalSection
EndGlobal
